
Microsoft Visual Studio Solution File, Format Version 12.00
# Visual Studio Version 17
VisualStudioVersion = 17.9.34723.18
MinimumVisualStudioVersion = 10.0.40219.1
Project("{9A19103F-16F7-4668-BE54-9A1E7A4F7556}") = "MyProject", "MyProject\MyProject.csproj", "{DB11BF57-7684-45B2-BE7D-F043AC2210A1}"
EndProject
Project("{FAE04EC0-301F-11D3-BF4B-00C04F79EFBC}") = "EmployeeWebApp", "EmployeeWebApp\EmployeeWebApp.csproj", "{5E67CA2F-D269-473E-A8BE-4BCDF0820C3E}"
EndProject
Global
	GlobalSection(SolutionConfigurationPlatforms) = preSolution
		Debug|Any CPU = Debug|Any CPU
		Release|Any CPU = Release|Any CPU
	EndGlobalSection
	GlobalSection(ProjectConfigurationPlatforms) = postSolution
		{DB11BF57-7684-45B2-BE7D-F043AC2210A1}.Debug|Any CPU.ActiveCfg = Debug|Any CPU
		{DB11BF57-7684-45B2-BE7D-F043AC2210A1}.Debug|Any CPU.Build.0 = Debug|Any CPU
		{DB11BF57-7684-45B2-BE7D-F043AC2210A1}.Release|Any CPU.ActiveCfg = Release|Any CPU
		{DB11BF57-7684-45B2-BE7D-F043AC2210A1}.Release|Any CPU.Build.0 = Release|Any CPU
		{5E67CA2F-D269-473E-A8BE-4BCDF0820C3E}.Debug|Any CPU.ActiveCfg = Debug|Any CPU
		{5E67CA2F-D269-473E-A8BE-4BCDF0820C3E}.Debug|Any CPU.Build.0 = Debug|Any CPU
		{5E67CA2F-D269-473E-A8BE-4BCDF0820C3E}.Release|Any CPU.ActiveCfg = Release|Any CPU
		{5E67CA2F-D269-473E-A8BE-4BCDF0820C3E}.Release|Any CPU.Build.0 = Release|Any CPU
	EndGlobalSection
	GlobalSection(SolutionProperties) = preSolution
		HideSolutionNode = FALSE
	EndGlobalSection
	GlobalSection(ExtensibilityGlobals) = postSolution
		SolutionGuid = {15C1FF73-C776-4C33-8E17-D25AE0C968C1}
	EndGlobalSection
EndGlobal
